
Microsoft Visual Studio Solution File, Format Version 12.00
# Visual Studio 15
VisualStudioVersion = 15.0.28307.1525
MinimumVisualStudioVersion = 10.0.40219.1
Project("{FAE04EC0-301F-11D3-BF4B-00C04F79EFBC}") = "MyGuests", "MyGuests\MyGuests.csproj", "{4F44F359-75DD-4B34-B491-3117E89B5712}"
EndProject
Global
	GlobalSection(SolutionConfigurationPlatforms) = preSolution
		Debug|Any CPU = Debug|Any CPU
		Release|Any CPU = Release|Any CPU
	EndGlobalSection
	GlobalSection(ProjectConfigurationPlatforms) = postSolution
		{4F44F359-75DD-4B34-B491-3117E89B5712}.Debug|Any CPU.ActiveCfg = Debug|Any CPU
		{4F44F359-75DD-4B34-B491-3117E89B5712}.Debug|Any CPU.Build.0 = Debug|Any CPU
		{4F44F359-75DD-4B34-B491-3117E89B5712}.Release|Any CPU.ActiveCfg = Release|Any CPU
		{4F44F359-75DD-4B34-B491-3117E89B5712}.Release|Any CPU.Build.0 = Release|Any CPU
	EndGlobalSection
	GlobalSection(SolutionProperties) = preSolution
		HideSolutionNode = FALSE
	EndGlobalSection
	GlobalSection(ExtensibilityGlobals) = postSolution
		SolutionGuid = {C1D9D1B0-BC72-4461-B41D-90EB6AC7F4BE}
	EndGlobalSection
EndGlobal
